
Microsoft Visual Studio Solution File, Format Version 12.00
# Visual Studio Version 17
VisualStudioVersion = 17.5.33424.131
MinimumVisualStudioVersion = 10.0.40219.1
Project("{FAE04EC0-301F-11D3-BF4B-00C04F79EFBC}") = "Firma7", "Firma7\Firma7.csproj", "{BEEAC349-3C19-47E6-87E8-CA07F3697501}"
EndProject
Global
	GlobalSection(SolutionConfigurationPlatforms) = preSolution
		Debug|Any CPU = Debug|Any CPU
		Release|Any CPU = Release|Any CPU
	EndGlobalSection
	GlobalSection(ProjectConfigurationPlatforms) = postSolution
		{BEEAC349-3C19-47E6-87E8-CA07F3697501}.Debug|Any CPU.ActiveCfg = Debug|Any CPU
		{BEEAC349-3C19-47E6-87E8-CA07F3697501}.Debug|Any CPU.Build.0 = Debug|Any CPU
		{BEEAC349-3C19-47E6-87E8-CA07F3697501}.Release|Any CPU.ActiveCfg = Release|Any CPU
		{BEEAC349-3C19-47E6-87E8-CA07F3697501}.Release|Any CPU.Build.0 = Release|Any CPU
	EndGlobalSection
	GlobalSection(SolutionProperties) = preSolution
		HideSolutionNode = FALSE
	EndGlobalSection
	GlobalSection(ExtensibilityGlobals) = postSolution
		SolutionGuid = {CB9EA089-59E2-48A8-BE51-EC2C51031ABD}
	EndGlobalSection
EndGlobal
